
Microsoft Visual Studio Solution File, Format Version 12.00
# Visual Studio Version 16
VisualStudioVersion = 16.0.29403.142
MinimumVisualStudioVersion = 10.0.40219.1
Project("{FAE04EC0-301F-11D3-BF4B-00C04F79EFBC}") = "WCFchat", "WCFchat\WCFchat.csproj", "{A0F04ED9-ACA3-40C8-B102-FC1617CFD124}"
EndProject
Project("{FAE04EC0-301F-11D3-BF4B-00C04F79EFBC}") = "ChatHost", "ChatHost\ChatHost.csproj", "{C37BE947-BD39-412E-8F7A-74C52BEBC2DD}"
EndProject
Project("{FAE04EC0-301F-11D3-BF4B-00C04F79EFBC}") = "ChatClient", "ChatClient\ChatClient.csproj", "{15E8DC7F-0142-4E6C-A3CB-D0E1F1849CC8}"
EndProject
Global
	GlobalSection(SolutionConfigurationPlatforms) = preSolution
		Debug|Any CPU = Debug|Any CPU
		Release|Any CPU = Release|Any CPU
	EndGlobalSection
	GlobalSection(ProjectConfigurationPlatforms) = postSolution
		{A0F04ED9-ACA3-40C8-B102-FC1617CFD124}.Debug|Any CPU.ActiveCfg = Debug|Any CPU
		{A0F04ED9-ACA3-40C8-B102-FC1617CFD124}.Debug|Any CPU.Build.0 = Debug|Any CPU
		{A0F04ED9-ACA3-40C8-B102-FC1617CFD124}.Release|Any CPU.ActiveCfg = Release|Any CPU
		{A0F04ED9-ACA3-40C8-B102-FC1617CFD124}.Release|Any CPU.Build.0 = Release|Any CPU
		{C37BE947-BD39-412E-8F7A-74C52BEBC2DD}.Debug|Any CPU.ActiveCfg = Debug|Any CPU
		{C37BE947-BD39-412E-8F7A-74C52BEBC2DD}.Debug|Any CPU.Build.0 = Debug|Any CPU
		{C37BE947-BD39-412E-8F7A-74C52BEBC2DD}.Release|Any CPU.ActiveCfg = Release|Any CPU
		{C37BE947-BD39-412E-8F7A-74C52BEBC2DD}.Release|Any CPU.Build.0 = Release|Any CPU
		{15E8DC7F-0142-4E6C-A3CB-D0E1F1849CC8}.Debug|Any CPU.ActiveCfg = Debug|Any CPU
		{15E8DC7F-0142-4E6C-A3CB-D0E1F1849CC8}.Debug|Any CPU.Build.0 = Debug|Any CPU
		{15E8DC7F-0142-4E6C-A3CB-D0E1F1849CC8}.Release|Any CPU.ActiveCfg = Release|Any CPU
		{15E8DC7F-0142-4E6C-A3CB-D0E1F1849CC8}.Release|Any CPU.Build.0 = Release|Any CPU
	EndGlobalSection
	GlobalSection(SolutionProperties) = preSolution
		HideSolutionNode = FALSE
	EndGlobalSection
	GlobalSection(ExtensibilityGlobals) = postSolution
		SolutionGuid = {05DD2807-5308-4D98-925F-35967FC89540}
	EndGlobalSection
EndGlobal
